{
  "name": "redthread",
  "version": "1.1.0",
  "lockfileVersion": 3,
  "requires": true,
  "packages": {
    "": {
      "name": "redthread",
      "version": "1.1.0",
      "dependencies": {
        "react-country-state-city": "^1.1.13"
      },
      "devDependencies": {
        "husky": "^9.1.7"
      }
    },
    "node_modules/husky": {
      "version": "9.1.7",
      "resolved": "https://registry.npmjs.org/husky/-/husky-9.1.7.tgz",
      "integrity": "sha512-5gs5ytaNjBrh5Ow3zrvdUUY+0VxIuWVL4i9irt6friV+BqdCfmV11CQTWMiBYWHbXhco+J1kHfTOUkePhCDvMA==",
      "dev": true,
      "license": "MIT",
      "bin": {
        "husky": "bin.js"
      },
      "engines": {
        "node": ">=18"
      },
      "funding": {
        "url": "https://github.com/sponsors/typicode"
      }
    },
    "node_modules/react": {
      "version": "19.3.0",
      "resolved": "https://registry.npmjs.org/react/-/react-19.3.0.tgz",
      "integrity": "sha512-E8LUcbtBWt20bbl2YoHfx4ZDBdxVTfOKtCZn9cDSJ4l6/nuoApcpIBcj47t2wZoVX8g2ZHuMHbiShgCR1T5Sog==",
      "license": "MIT",
      "peer": true,
      "engines": {
        "node": ">=0.10.0"
      }
    },
    "node_modules/react-country-state-city": {
      "version": "1.1.13",
      "resolved": "https://registry.npmjs.org/react-country-state-city/-/react-country-state-city-1.1.13.tgz",
      "integrity": "sha512-uIGXvs0noD+zUQU4S6y/uFwx5RGQh3U/Jz8FNC/0GhL6DDUQ+5DC7MoZYEBDZy+qTw287OXqzWoBpuGXmWGrMA==",
      "license": "MIT",
      "peerDependencies": {
        "react": ">=16"
      }
    }
  }
}
